{
  "version": 4,
  "terraform_version": "1.9.0",
  "serial": 16,
  "lineage": "cc039762-3ae1-0d24-3b81-600e23484c08",
  "outputs": {},
  "resources": [
    {
      "module": "module.cloudwatch",
      "mode": "managed",
      "type": "aws_cloudwatch_log_group",
      "name": "demo1_log_group",
      "provider": "provider[\"registry.terraform.io/hashicorp/aws\"]",
      "instances": [
        {
          "schema_version": 0,
          "attributes": {
            "arn": "arn:aws-cn:logs:cn-north-1:857461516512:log-group:/ecs/pw-tlp-test-raymond-demo1-log",
            "id": "/ecs/pw-tlp-test-raymond-demo1-log",
            "kms_key_id": "",
            "log_group_class": "STANDARD",
            "name": "/ecs/pw-tlp-test-raymond-demo1-log",
            "name_prefix": "",
            "retention_in_days": 0,
            "skip_destroy": false,
            "tags": null,
            "tags_all": {}
          },
          "sensitive_attributes": [],
          "private": "bnVsbA=="
        }
      ]
    },
    {
      "module": "module.ecs",
      "mode": "data",
      "type": "template_file",
      "name": "demo1_container_config",
      "provider": "provider[\"registry.terraform.io/hashicorp/template\"]",
      "instances": [
        {
          "schema_version": 0,
          "attributes": {
            "filename": null,
            "id": "2036f9b610ca61617c2a3e347756bebe81d37c9478ec890e812822af7c791dcf",
            "rendered": "[\n  {\n    \"name\": \"pw-tlp-test-raymond-demo1-container-config\",\n    \"image\": \"857461516512.dkr.ecr.cn-north-1.amazonaws.com.cn/pw-tlp-test-raymond-demo1-repo:latest\",\n    \"cpu\": 1024,\n    \"memory\": 3072,\n    \"essential\": true,\n    \"logConfiguration\": {\n        \"logDriver\": \"awslogs\",\n        \"options\": {\n          \"awslogs-group\": \"/ecs/pw-tlp-test-raymond-demo1-log\",\n          \"awslogs-region\": \"cn-north-1\",\n          \"awslogs-stream-prefix\": \"ecs\"\n        }\n    },\n    \"portMappings\": [\n      {\n        \"containerPort\": 8091\n      }\n    ],\n    \"environment\": [\n      {\n        \"name\": \"REGION\",\n        \"value\": \"cn-north-1\"\n      }\n    ]\n  }\n]",
            "template": "[\n  {\n    \"name\": \"${resource_prefix}-demo1-container-config\",\n    \"image\": \"${image_url}\",\n    \"cpu\": ${cpu},\n    \"memory\": ${memory},\n    \"essential\": true,\n    \"logConfiguration\": {\n        \"logDriver\": \"awslogs\",\n        \"options\": {\n          \"awslogs-group\": \"${log_group}\",\n          \"awslogs-region\": \"${aws_region}\",\n          \"awslogs-stream-prefix\": \"ecs\"\n        }\n    },\n    \"portMappings\": [\n      {\n        \"containerPort\": ${service_port}\n      }\n    ],\n    \"environment\": [\n      {\n        \"name\": \"REGION\",\n        \"value\": \"${aws_region}\"\n      }\n    ]\n  }\n]",
            "vars": {
              "aws_region": "cn-north-1",
              "cpu": "1024",
              "image_url": "857461516512.dkr.ecr.cn-north-1.amazonaws.com.cn/pw-tlp-test-raymond-demo1-repo:latest",
              "log_group": "/ecs/pw-tlp-test-raymond-demo1-log",
              "memory": "3072",
              "resource_prefix": "pw-tlp-test-raymond",
              "service_port": "8091"
            }
          },
          "sensitive_attributes": []
        }
      ]
    },
    {
      "module": "module.ecs",
      "mode": "managed",
      "type": "aws_ecs_cluster",
      "name": "service_ecs_cluster",
      "provider": "provider[\"registry.terraform.io/hashicorp/aws\"]",
      "instances": [
        {
          "schema_version": 0,
          "attributes": {
            "arn": "arn:aws-cn:ecs:cn-north-1:857461516512:cluster/pw-tlp-test-raymond-ecs-cluster",
            "configuration": [],
            "id": "arn:aws-cn:ecs:cn-north-1:857461516512:cluster/pw-tlp-test-raymond-ecs-cluster",
            "name": "pw-tlp-test-raymond-ecs-cluster",
            "service_connect_defaults": [],
            "setting": [
              {
                "name": "containerInsights",
                "value": "disabled"
              }
            ],
            "tags": {
              "namespace": "com.bmw",
              "project": "pw",
              "stage": "test"
            },
            "tags_all": {
              "namespace": "com.bmw",
              "project": "pw",
              "stage": "test"
            }
          },
          "sensitive_attributes": [],
          "private": "bnVsbA=="
        }
      ]
    },
    {
      "module": "module.ecs",
      "mode": "managed",
      "type": "aws_ecs_service",
      "name": "demo1_service",
      "provider": "provider[\"registry.terraform.io/hashicorp/aws\"]",
      "instances": [
        {
          "schema_version": 0,
          "attributes": {
            "alarms": [],
            "capacity_provider_strategy": [],
            "cluster": "arn:aws-cn:ecs:cn-north-1:857461516512:cluster/pw-tlp-test-raymond-ecs-cluster",
            "deployment_circuit_breaker": [
              {
                "enable": false,
                "rollback": false
              }
            ],
            "deployment_controller": [
              {
                "type": "ECS"
              }
            ],
            "deployment_maximum_percent": 200,
            "deployment_minimum_healthy_percent": 100,
            "desired_count": 1,
            "enable_ecs_managed_tags": false,
            "enable_execute_command": false,
            "force_new_deployment": true,
            "health_check_grace_period_seconds": 0,
            "iam_role": "/aws-service-role/ecs.amazonaws.com/AWSServiceRoleForECS",
            "id": "arn:aws-cn:ecs:cn-north-1:857461516512:service/pw-tlp-test-raymond-ecs-cluster/pw-tlp-test-raymond-demo1-service",
            "launch_type": "FARGATE",
            "load_balancer": [],
            "name": "pw-tlp-test-raymond-demo1-service",
            "network_configuration": [
              {
                "assign_public_ip": true,
                "security_groups": [
                  "sg-04688db10bbda8c52"
                ],
                "subnets": [
                  "subnet-07a000a4f0978b22a",
                  "subnet-09d6f2f5d4e853638"
                ]
              }
            ],
            "ordered_placement_strategy": [],
            "placement_constraints": [],
            "platform_version": "LATEST",
            "propagate_tags": "NONE",
            "scheduling_strategy": "REPLICA",
            "service_connect_configuration": [],
            "service_registries": [],
            "tags": null,
            "tags_all": {},
            "task_definition": "arn:aws-cn:ecs:cn-north-1:857461516512:task-definition/pw-tlp-test-raymond-demo1-task-def-08072024-1017:1",
            "timeouts": null,
            "triggers": {},
            "volume_configuration": [],
            "wait_for_steady_state": false
          },
          "sensitive_attributes": [],
          "private": "eyJlMmJmYjczMC1lY2FhLTExZTYtOGY4OC0zNDM2M2JjN2M0YzAiOnsiY3JlYXRlIjoxMjAwMDAwMDAwMDAwLCJkZWxldGUiOjEyMDAwMDAwMDAwMDAsInVwZGF0ZSI6MTIwMDAwMDAwMDAwMH19",
          "dependencies": [
            "module.cloudwatch.aws_cloudwatch_log_group.demo1_log_group",
            "module.ecs.aws_ecs_cluster.service_ecs_cluster",
            "module.ecs.aws_ecs_task_definition.demo1_task_def",
            "module.ecs.data.template_file.demo1_container_config",
            "module.security_group.data.aws_security_group.public_vpc_sg"
          ]
        }
      ]
    },
    {
      "module": "module.ecs",
      "mode": "managed",
      "type": "aws_ecs_task_definition",
      "name": "demo1_task_def",
      "provider": "provider[\"registry.terraform.io/hashicorp/aws\"]",
      "instances": [
        {
          "schema_version": 1,
          "attributes": {
            "arn": "arn:aws-cn:ecs:cn-north-1:857461516512:task-definition/pw-tlp-test-raymond-demo1-task-def-08072024-1017:1",
            "arn_without_revision": "arn:aws-cn:ecs:cn-north-1:857461516512:task-definition/pw-tlp-test-raymond-demo1-task-def-08072024-1017",
            "container_definitions": "[{\"cpu\":1024,\"environment\":[{\"name\":\"REGION\",\"value\":\"cn-north-1\"}],\"essential\":true,\"image\":\"857461516512.dkr.ecr.cn-north-1.amazonaws.com.cn/pw-tlp-test-raymond-demo1-repo:latest\",\"logConfiguration\":{\"logDriver\":\"awslogs\",\"options\":{\"awslogs-group\":\"/ecs/pw-tlp-test-raymond-demo1-log\",\"awslogs-region\":\"cn-north-1\",\"awslogs-stream-prefix\":\"ecs\"}},\"memory\":3072,\"mountPoints\":[],\"name\":\"pw-tlp-test-raymond-demo1-container-config\",\"portMappings\":[{\"containerPort\":8091,\"hostPort\":8091,\"protocol\":\"tcp\"}],\"systemControls\":[],\"volumesFrom\":[]}]",
            "cpu": "1024",
            "ephemeral_storage": [],
            "execution_role_arn": "arn:aws-cn:iam::857461516512:role/pw-tlp-test-ecs-task-role",
            "family": "pw-tlp-test-raymond-demo1-task-def-08072024-1017",
            "id": "pw-tlp-test-raymond-demo1-task-def-08072024-1017",
            "inference_accelerator": [],
            "ipc_mode": "",
            "memory": "3072",
            "network_mode": "awsvpc",
            "pid_mode": "",
            "placement_constraints": [],
            "proxy_configuration": [],
            "requires_compatibilities": [
              "FARGATE"
            ],
            "revision": 1,
            "runtime_platform": [],
            "skip_destroy": false,
            "tags": {
              "namespace": "com.bmw",
              "project": "pw",
              "stage": "test"
            },
            "tags_all": {
              "namespace": "com.bmw",
              "project": "pw",
              "stage": "test"
            },
            "task_role_arn": "arn:aws-cn:iam::857461516512:role/pw-tlp-test-ecs-task-role",
            "track_latest": false,
            "volume": []
          },
          "sensitive_attributes": [],
          "private": "eyJzY2hlbWFfdmVyc2lvbiI6IjEifQ==",
          "dependencies": [
            "module.cloudwatch.aws_cloudwatch_log_group.demo1_log_group",
            "module.ecs.data.template_file.demo1_container_config"
          ]
        }
      ]
    },
    {
      "module": "module.security_group",
      "mode": "data",
      "type": "aws_security_group",
      "name": "public_vpc_sg",
      "provider": "provider[\"registry.terraform.io/hashicorp/aws\"]",
      "instances": [
        {
          "schema_version": 0,
          "attributes": {
            "arn": "arn:aws-cn:ec2:cn-north-1:857461516512:security-group/sg-04688db10bbda8c52",
            "description": "launch-wizard-4 created 2024-05-22T05:56:24.941Z",
            "filter": null,
            "id": "sg-04688db10bbda8c52",
            "name": "launch-wizard-4",
            "tags": {},
            "timeouts": null,
            "vpc_id": "vpc-0b34e36651753bb42"
          },
          "sensitive_attributes": []
        }
      ]
    },
    {
      "module": "module.vpc",
      "mode": "data",
      "type": "aws_subnets",
      "name": "public_vpc_public_subnets",
      "provider": "provider[\"registry.terraform.io/hashicorp/aws\"]",
      "instances": [
        {
          "schema_version": 0,
          "attributes": {
            "filter": [
              {
                "name": "vpc-id",
                "values": [
                  "vpc-0b34e36651753bb42"
                ]
              }
            ],
            "id": "cn-north-1",
            "ids": [
              "subnet-084c2f51c5d93d780",
              "subnet-06a3b8f6e205c5dc1",
              "subnet-07a000a4f0978b22a",
              "subnet-05d6b0fd2479d1ab2",
              "subnet-09d6f2f5d4e853638",
              "subnet-051589b1df08de77a"
            ],
            "tags": null,
            "timeouts": null
          },
          "sensitive_attributes": []
        }
      ]
    },
    {
      "module": "module.vpc",
      "mode": "data",
      "type": "aws_vpc",
      "name": "public_vpc",
      "provider": "provider[\"registry.terraform.io/hashicorp/aws\"]",
      "instances": [
        {
          "schema_version": 0,
          "attributes": {
            "arn": "arn:aws-cn:ec2:cn-north-1:857461516512:vpc/vpc-0b34e36651753bb42",
            "cidr_block": "10.19.26.0/24",
            "cidr_block_associations": [
              {
                "association_id": "vpc-cidr-assoc-0e576bb833dd13b44",
                "cidr_block": "10.19.26.0/24",
                "state": "associated"
              }
            ],
            "default": false,
            "dhcp_options_id": "dopt-07c6eee5569daf6bb",
            "enable_dns_hostnames": true,
            "enable_dns_support": true,
            "enable_network_address_usage_metrics": false,
            "filter": null,
            "id": "vpc-0b34e36651753bb42",
            "instance_tenancy": "default",
            "ipv6_association_id": "",
            "ipv6_cidr_block": "",
            "main_route_table_id": "rtb-05e338536fef993d6",
            "owner_id": "857461516512",
            "state": null,
            "tags": {
              "Name": "PW-TEST-Public-vpc"
            },
            "timeouts": null
          },
          "sensitive_attributes": []
        }
      ]
    }
  ],
  "check_results": null
}
