{
  "version": 4,
  "terraform_version": "1.9.0",
  "serial": 6,
  "lineage": "e0727f2a-aa42-2255-3e95-805001b1b8d1",
  "outputs": {
    "application_bucket": {
      "value": "pw-tlp-test-raymond-application-bucket",
      "type": "string"
    },
    "demo1_repo_url": {
      "value": "857461516512.dkr.ecr.cn-north-1.amazonaws.com.cn/pw-tlp-test-raymond-demo1-repo",
      "type": "string"
    }
  },
  "resources": [
    {
      "module": "module.ecr",
      "mode": "managed",
      "type": "aws_ecr_repository",
      "name": "demo1_repo",
      "provider": "provider[\"registry.terraform.io/hashicorp/aws\"]",
      "instances": [
        {
          "schema_version": 0,
          "attributes": {
            "arn": "arn:aws-cn:ecr:cn-north-1:857461516512:repository/pw-tlp-test-raymond-demo1-repo",
            "encryption_configuration": [
              {
                "encryption_type": "AES256",
                "kms_key": ""
              }
            ],
            "force_delete": null,
            "id": "pw-tlp-test-raymond-demo1-repo",
            "image_scanning_configuration": [
              {
                "scan_on_push": false
              }
            ],
            "image_tag_mutability": "MUTABLE",
            "name": "pw-tlp-test-raymond-demo1-repo",
            "registry_id": "857461516512",
            "repository_url": "857461516512.dkr.ecr.cn-north-1.amazonaws.com.cn/pw-tlp-test-raymond-demo1-repo",
            "tags": {
              "namespace": "com.bmw",
              "project": "pw",
              "stage": "test"
            },
            "tags_all": {
              "namespace": "com.bmw",
              "project": "pw",
              "stage": "test"
            },
            "timeouts": null
          },
          "sensitive_attributes": [],
          "private": "eyJlMmJmYjczMC1lY2FhLTExZTYtOGY4OC0zNDM2M2JjN2M0YzAiOnsiZGVsZXRlIjoxMjAwMDAwMDAwMDAwfX0="
        }
      ]
    },
    {
      "module": "module.s3",
      "mode": "managed",
      "type": "aws_s3_bucket",
      "name": "application_bucket",
      "provider": "provider[\"registry.terraform.io/hashicorp/aws\"]",
      "instances": [
        {
          "schema_version": 0,
          "attributes": {
            "acceleration_status": "",
            "acl": null,
            "arn": "arn:aws-cn:s3:::pw-tlp-test-raymond-application-bucket",
            "bucket": "pw-tlp-test-raymond-application-bucket",
            "bucket_domain_name": "pw-tlp-test-raymond-application-bucket.s3.amazonaws.com.cn",
            "bucket_prefix": "",
            "bucket_regional_domain_name": "pw-tlp-test-raymond-application-bucket.s3.cn-north-1.amazonaws.com.cn",
            "cors_rule": [],
            "force_destroy": false,
            "grant": [
              {
                "id": "799d926b0be83169865f2c19f91f2625fa9fd1b393eaaa37b199792e9396f065",
                "permissions": [
                  "FULL_CONTROL"
                ],
                "type": "CanonicalUser",
                "uri": ""
              }
            ],
            "hosted_zone_id": "Z5CN8UMXT92WN",
            "id": "pw-tlp-test-raymond-application-bucket",
            "lifecycle_rule": [],
            "logging": [],
            "object_lock_configuration": [],
            "object_lock_enabled": false,
            "policy": "",
            "region": "cn-north-1",
            "replication_configuration": [],
            "request_payer": "BucketOwner",
            "server_side_encryption_configuration": [
              {
                "rule": [
                  {
                    "apply_server_side_encryption_by_default": [
                      {
                        "kms_master_key_id": "",
                        "sse_algorithm": "AES256"
                      }
                    ],
                    "bucket_key_enabled": false
                  }
                ]
              }
            ],
            "tags": {
              "namespace": "com.bmw",
              "project": "pw",
              "stage": "test"
            },
            "tags_all": {
              "namespace": "com.bmw",
              "project": "pw",
              "stage": "test"
            },
            "timeouts": null,
            "versioning": [
              {
                "enabled": false,
                "mfa_delete": false
              }
            ],
            "website": [],
            "website_domain": null,
            "website_endpoint": null
          },
          "sensitive_attributes": [],
          "private": "eyJlMmJmYjczMC1lY2FhLTExZTYtOGY4OC0zNDM2M2JjN2M0YzAiOnsiY3JlYXRlIjoxMjAwMDAwMDAwMDAwLCJkZWxldGUiOjM2MDAwMDAwMDAwMDAsInJlYWQiOjEyMDAwMDAwMDAwMDAsInVwZGF0ZSI6MTIwMDAwMDAwMDAwMH19"
        }
      ]
    }
  ],
  "check_results": null
}
